
Microsoft Visual Studio Solution File, Format Version 12.00
# Visual Studio Version 16
VisualStudioVersion = 16.0.31321.278
MinimumVisualStudioVersion = 10.0.40219.1
Project("{FAE04EC0-301F-11D3-BF4B-00C04F79EFBC}") = "Visual_Mp3", "Visual_Mp3.csproj", "{16E00941-7EAF-4E33-8CF3-94F31C43CCD4}"
EndProject
Global
	GlobalSection(SolutionConfigurationPlatforms) = preSolution
		Debug|Any CPU = Debug|Any CPU
		Release|Any CPU = Release|Any CPU
	EndGlobalSection
	GlobalSection(ProjectConfigurationPlatforms) = postSolution
		{16E00941-7EAF-4E33-8CF3-94F31C43CCD4}.Debug|Any CPU.ActiveCfg = Debug|Any CPU
		{16E00941-7EAF-4E33-8CF3-94F31C43CCD4}.Debug|Any CPU.Build.0 = Debug|Any CPU
		{16E00941-7EAF-4E33-8CF3-94F31C43CCD4}.Release|Any CPU.ActiveCfg = Release|Any CPU
		{16E00941-7EAF-4E33-8CF3-94F31C43CCD4}.Release|Any CPU.Build.0 = Release|Any CPU
	EndGlobalSection
	GlobalSection(SolutionProperties) = preSolution
		HideSolutionNode = FALSE
	EndGlobalSection
	GlobalSection(ExtensibilityGlobals) = postSolution
		SolutionGuid = {471C9772-EAAE-44A6-B02D-7522BCE035FF}
	EndGlobalSection
EndGlobal
